
Microsoft Visual Studio Solution File, Format Version 12.00
# Visual Studio 15
VisualStudioVersion = 15.0.28307.421
MinimumVisualStudioVersion = 10.0.40219.1
Project("{FAE04EC0-301F-11D3-BF4B-00C04F79EFBC}") = "BotOCRExtract", "BotOCRExtract\BotOCRExtract.csproj", "{66087E2E-67D0-4D0E-887E-1B4404450BCA}"
EndProject
Global
	GlobalSection(SolutionConfigurationPlatforms) = preSolution
		Debug|Any CPU = Debug|Any CPU
		Release|Any CPU = Release|Any CPU
	EndGlobalSection
	GlobalSection(ProjectConfigurationPlatforms) = postSolution
		{66087E2E-67D0-4D0E-887E-1B4404450BCA}.Debug|Any CPU.ActiveCfg = Debug|Any CPU
		{66087E2E-67D0-4D0E-887E-1B4404450BCA}.Debug|Any CPU.Build.0 = Debug|Any CPU
		{66087E2E-67D0-4D0E-887E-1B4404450BCA}.Release|Any CPU.ActiveCfg = Release|Any CPU
		{66087E2E-67D0-4D0E-887E-1B4404450BCA}.Release|Any CPU.Build.0 = Release|Any CPU
	EndGlobalSection
	GlobalSection(SolutionProperties) = preSolution
		HideSolutionNode = FALSE
	EndGlobalSection
	GlobalSection(ExtensibilityGlobals) = postSolution
		SolutionGuid = {F6342653-5B9C-4034-B854-88C45753F32E}
	EndGlobalSection
EndGlobal
